
Microsoft Visual Studio Solution File, Format Version 12.00
# Visual Studio 14
VisualStudioVersion = 14.0.25123.0
MinimumVisualStudioVersion = 10.0.40219.1
Project("{FAE04EC0-301F-11D3-BF4B-00C04F79EFBC}") = "Klient", "Klient\Klient.csproj", "{19F4DED6-C6E5-49E2-AD2F-273B5CBE796B}"
EndProject
Global
	GlobalSection(SolutionConfigurationPlatforms) = preSolution
		Debug|Any CPU = Debug|Any CPU
		Release|Any CPU = Release|Any CPU
	EndGlobalSection
	GlobalSection(ProjectConfigurationPlatforms) = postSolution
		{19F4DED6-C6E5-49E2-AD2F-273B5CBE796B}.Debug|Any CPU.ActiveCfg = Debug|Any CPU
		{19F4DED6-C6E5-49E2-AD2F-273B5CBE796B}.Debug|Any CPU.Build.0 = Debug|Any CPU
		{19F4DED6-C6E5-49E2-AD2F-273B5CBE796B}.Release|Any CPU.ActiveCfg = Release|Any CPU
		{19F4DED6-C6E5-49E2-AD2F-273B5CBE796B}.Release|Any CPU.Build.0 = Release|Any CPU
	EndGlobalSection
	GlobalSection(SolutionProperties) = preSolution
		HideSolutionNode = FALSE
	EndGlobalSection
EndGlobal
